{
  "nodes": {
    "nixpkgs": {
      "locked": {
        "lastModified": 1641762318,
        "narHash": "sha256-QH3qz/f6wlPZMO7DBmFzgFq06QDtu+SWM70QTsYNUjY=",
        "owner": "fetsorn",
        "repo": "nixpkgs",
        "rev": "340e124d368809dec50a3c8c7a7f51cfecc192a8",
        "type": "github"
      },
      "original": {
        "owner": "fetsorn",
        "ref": "yarn2nix-doDist",
        "repo": "nixpkgs",
        "type": "github"
      }
    },
    "root": {
      "inputs": {
        "nixpkgs": "nixpkgs"
      }
    }
  },
  "root": "root",
  "version": 7
}
